{
  "object": {
    "pins": [
      {
        "package": "Alamofire",
        "repositoryURL": "https://github.com/Alamofire/Alamofire.git",
        "state": {
          "branch": "master",
          "revision": "8dd85aee02e39dd280c75eef88ffdb86eed4b07b",
          "version": null
        }
      },
      {
        "package": "AlamofireImage",
        "repositoryURL": "https://github.com/Alamofire/AlamofireImage.git",
        "state": {
          "branch": "master",
          "revision": "af1c41645ef2d3ab48ffb3fb3a11941c71e5f9a0",
          "version": null
        }
      },
      {
        "package": "SnapKit",
        "repositoryURL": "https://github.com/SnapKit/SnapKit.git",
        "state": {
          "branch": "develop",
          "revision": "07c5d1f6044701d97e94dc11157259e8811977be",
          "version": null
        }
      },
      {
        "package": "YouTubeiOSPlayerHelper",
        "repositoryURL": "https://github.com/youtube/youtube-ios-player-helper.git",
        "state": {
          "branch": null,
          "revision": "f57129cd4380ec0a74dd3a59da3270a1d653d59b",
          "version": "1.0.4"
        }
      }
    ]
  },
  "version": 1
}
